// !$*UTF8*$!
{
	archiveVersion = 1;
	classes = {
	};
	objectVersion = 50;
	objects = {

/* Begin PBXBuildFile section */
		AC7C197A2668DE1900F2EDB8 /* main.cpp in Sources */ = {isa = PBXBuildFile; fileRef = AC7C19792668DE1900F2EDB8 /* main.cpp */; };
		AC7C19812668DFBA00F2EDB8 /* apartment.cpp in Sources */ = {isa = PBXBuildFile; fileRef = AC7C19802668DFBA00F2EDB8 /* apartment.cpp */; };
		AC7C19842668DFE600F2EDB8 /* corporation.cpp in Sources */ = {isa = PBXBuildFile; fileRef = AC7C19832668DFE600F2EDB8 /* corporation.cpp */; };
		AC7C19872668E03300F2EDB8 /* office.cpp in Sources */ = {isa = PBXBuildFile; fileRef = AC7C19862668E03300F2EDB8 /* office.cpp */; };
		AC7C198A2668E06400F2EDB8 /* owner.cpp in Sources */ = {isa = PBXBuildFile; fileRef = AC7C19892668E06400F2EDB8 /* owner.cpp */; };
		AC7C198D2668E09100F2EDB8 /* person.cpp in Sources */ = {isa = PBXBuildFile; fileRef = AC7C198C2668E09100F2EDB8 /* person.cpp */; };
		AC7C19902668E0BC00F2EDB8 /* property.cpp in Sources */ = {isa = PBXBuildFile; fileRef = AC7C198F2668E0BC00F2EDB8 /* property.cpp */; };
		AC7C19932668E0EB00F2EDB8 /* villa.cpp in Sources */ = {isa = PBXBuildFile; fileRef = AC7C19922668E0EB00F2EDB8 /* villa.cpp */; };
/* End PBXBuildFile section */

/* Begin PBXCopyFilesBuildPhase section */
		AC7C19742668DE1800F2EDB8 /* CopyFiles */ = {
			isa = PBXCopyFilesBuildPhase;
			buildActionMask = 2147483647;
			dstPath = /usr/share/man/man1/;
			dstSubfolderSpec = 0;
			files = (
			);
			runOnlyForDeploymentPostprocessing = 1;
		};
/* End PBXCopyFilesBuildPhase section */

/* Begin PBXFileReference section */
		AC7C19762668DE1800F2EDB8 /* pe6 */ = {isa = PBXFileReference; explicitFileType = "compiled.mach-o.executable"; includeInIndex = 0; path = pe6; sourceTree = BUILT_PRODUCTS_DIR; };
		AC7C19792668DE1900F2EDB8 /* main.cpp */ = {isa = PBXFileReference; lastKnownFileType = sourcecode.cpp.cpp; path = main.cpp; sourceTree = "<group>"; };
		AC7C19802668DFBA00F2EDB8 /* apartment.cpp */ = {isa = PBXFileReference; lastKnownFileType = sourcecode.cpp.cpp; path = apartment.cpp; sourceTree = "<group>"; };
		AC7C19822668DFC500F2EDB8 /* apartment.h */ = {isa = PBXFileReference; lastKnownFileType = sourcecode.c.h; path = apartment.h; sourceTree = "<group>"; };
		AC7C19832668DFE600F2EDB8 /* corporation.cpp */ = {isa = PBXFileReference; lastKnownFileType = sourcecode.cpp.cpp; path = corporation.cpp; sourceTree = "<group>"; };
		AC7C19852668DFF100F2EDB8 /* corporation.h */ = {isa = PBXFileReference; lastKnownFileType = sourcecode.c.h; path = corporation.h; sourceTree = "<group>"; };
		AC7C19862668E03300F2EDB8 /* office.cpp */ = {isa = PBXFileReference; lastKnownFileType = sourcecode.cpp.cpp; path = office.cpp; sourceTree = "<group>"; };
		AC7C19882668E03E00F2EDB8 /* office.h */ = {isa = PBXFileReference; lastKnownFileType = sourcecode.c.h; path = office.h; sourceTree = "<group>"; };
		AC7C19892668E06400F2EDB8 /* owner.cpp */ = {isa = PBXFileReference; lastKnownFileType = sourcecode.cpp.cpp; path = owner.cpp; sourceTree = "<group>"; };
		AC7C198B2668E07300F2EDB8 /* owner.h */ = {isa = PBXFileReference; lastKnownFileType = sourcecode.c.h; path = owner.h; sourceTree = "<group>"; };
		AC7C198C2668E09100F2EDB8 /* person.cpp */ = {isa = PBXFileReference; lastKnownFileType = sourcecode.cpp.cpp; path = person.cpp; sourceTree = "<group>"; };
		AC7C198E2668E09B00F2EDB8 /* person.h */ = {isa = PBXFileReference; lastKnownFileType = sourcecode.c.h; path = person.h; sourceTree = "<group>"; };
		AC7C198F2668E0BC00F2EDB8 /* property.cpp */ = {isa = PBXFileReference; lastKnownFileType = sourcecode.cpp.cpp; path = property.cpp; sourceTree = "<group>"; };
		AC7C19912668E0CA00F2EDB8 /* property.h */ = {isa = PBXFileReference; lastKnownFileType = sourcecode.c.h; path = property.h; sourceTree = "<group>"; };
		AC7C19922668E0EB00F2EDB8 /* villa.cpp */ = {isa = PBXFileReference; lastKnownFileType = sourcecode.cpp.cpp; path = villa.cpp; sourceTree = "<group>"; };
		AC7C19942668E0F600F2EDB8 /* villa.h */ = {isa = PBXFileReference; lastKnownFileType = sourcecode.c.h; path = villa.h; sourceTree = "<group>"; };
/* End PBXFileReference section */

/* Begin PBXFrameworksBuildPhase section */
		AC7C19732668DE1800F2EDB8 /* Frameworks */ = {
			isa = PBXFrameworksBuildPhase;
			buildActionMask = 2147483647;
			files = (
			);
			runOnlyForDeploymentPostprocessing = 0;
		};
/* End PBXFrameworksBuildPhase section */

/* Begin PBXGroup section */
		AC7C196D2668DE1800F2EDB8 = {
			isa = PBXGroup;
			children = (
				AC7C19782668DE1800F2EDB8 /* pe6 */,
				AC7C19772668DE1800F2EDB8 /* Products */,
			);
			sourceTree = "<group>";
		};
		AC7C19772668DE1800F2EDB8 /* Products */ = {
			isa = PBXGroup;
			children = (
				AC7C19762668DE1800F2EDB8 /* pe6 */,
			);
			name = Products;
			sourceTree = "<group>";
		};
		AC7C19782668DE1800F2EDB8 /* pe6 */ = {
			isa = PBXGroup;
			children = (
				AC7C19792668DE1900F2EDB8 /* main.cpp */,
				AC7C19862668E03300F2EDB8 /* office.cpp */,
				AC7C19802668DFBA00F2EDB8 /* apartment.cpp */,
				AC7C19822668DFC500F2EDB8 /* apartment.h */,
				AC7C19832668DFE600F2EDB8 /* corporation.cpp */,
				AC7C19852668DFF100F2EDB8 /* corporation.h */,
				AC7C19882668E03E00F2EDB8 /* office.h */,
				AC7C19892668E06400F2EDB8 /* owner.cpp */,
				AC7C198B2668E07300F2EDB8 /* owner.h */,
				AC7C198C2668E09100F2EDB8 /* person.cpp */,
				AC7C198E2668E09B00F2EDB8 /* person.h */,
				AC7C198F2668E0BC00F2EDB8 /* property.cpp */,
				AC7C19912668E0CA00F2EDB8 /* property.h */,
				AC7C19922668E0EB00F2EDB8 /* villa.cpp */,
				AC7C19942668E0F600F2EDB8 /* villa.h */,
			);
			path = pe6;
			sourceTree = "<group>";
		};
/* End PBXGroup section */

/* Begin PBXNativeTarget section */
		AC7C19752668DE1800F2EDB8 /* pe6 */ = {
			isa = PBXNativeTarget;
			buildConfigurationList = AC7C197D2668DE1900F2EDB8 /* Build configuration list for PBXNativeTarget "pe6" */;
			buildPhases = (
				AC7C19722668DE1800F2EDB8 /* Sources */,
				AC7C19732668DE1800F2EDB8 /* Frameworks */,
				AC7C19742668DE1800F2EDB8 /* CopyFiles */,
			);
			buildRules = (
			);
			dependencies = (
			);
			name = pe6;
			productName = pe6;
			productReference = AC7C19762668DE1800F2EDB8 /* pe6 */;
			productType = "com.apple.product-type.tool";
		};
/* End PBXNativeTarget section */

/* Begin PBXProject section */
		AC7C196E2668DE1800F2EDB8 /* Project object */ = {
			isa = PBXProject;
			attributes = {
				LastUpgradeCheck = 1250;
				TargetAttributes = {
					AC7C19752668DE1800F2EDB8 = {
						CreatedOnToolsVersion = 12.5;
					};
				};
			};
			buildConfigurationList = AC7C19712668DE1800F2EDB8 /* Build configuration list for PBXProject "pe6" */;
			compatibilityVersion = "Xcode 9.3";
			developmentRegion = en;
			hasScannedForEncodings = 0;
			knownRegions = (
				en,
				Base,
			);
			mainGroup = AC7C196D2668DE1800F2EDB8;
			productRefGroup = AC7C19772668DE1800F2EDB8 /* Products */;
			projectDirPath = "";
			projectRoot = "";
			targets = (
				AC7C19752668DE1800F2EDB8 /* pe6 */,
			);
		};
/* End PBXProject section */

/* Begin PBXSourcesBuildPhase section */
		AC7C19722668DE1800F2EDB8 /* Sources */ = {
			isa = PBXSourcesBuildPhase;
			buildActionMask = 2147483647;
			files = (
				AC7C198D2668E09100F2EDB8 /* person.cpp in Sources */,
				AC7C19812668DFBA00F2EDB8 /* apartment.cpp in Sources */,
				AC7C19932668E0EB00F2EDB8 /* villa.cpp in Sources */,
				AC7C197A2668DE1900F2EDB8 /* main.cpp in Sources */,
				AC7C198A2668E06400F2EDB8 /* owner.cpp in Sources */,
				AC7C19842668DFE600F2EDB8 /* corporation.cpp in Sources */,
				AC7C19902668E0BC00F2EDB8 /* property.cpp in Sources */,
				AC7C19872668E03300F2EDB8 /* office.cpp in Sources */,
			);
			runOnlyForDeploymentPostprocessing = 0;
		};
/* End PBXSourcesBuildPhase section */

/* Begin XCBuildConfiguration section */
		AC7C197B2668DE1900F2EDB8 /* Debug */ = {
			isa = XCBuildConfiguration;
			buildSettings = {
				ALWAYS_SEARCH_USER_PATHS = NO;
				CLANG_ANALYZER_NONNULL = YES;
				CLANG_ANALYZER_NUMBER_OBJECT_CONVERSION = YES_AGGRESSIVE;
				CLANG_CXX_LANGUAGE_STANDARD = "gnu++14";
				CLANG_CXX_LIBRARY = "libc++";
				CLANG_ENABLE_MODULES = YES;
				CLANG_ENABLE_OBJC_ARC = YES;
				CLANG_ENABLE_OBJC_WEAK = YES;
				CLANG_WARN_BLOCK_CAPTURE_AUTORELEASING = YES;
				CLANG_WARN_BOOL_CONVERSION = YES;
				CLANG_WARN_COMMA = YES;
				CLANG_WARN_CONSTANT_CONVERSION = YES;
				CLANG_WARN_DEPRECATED_OBJC_IMPLEMENTATIONS = YES;
				CLANG_WARN_DIRECT_OBJC_ISA_USAGE = YES_ERROR;
				CLANG_WARN_DOCUMENTATION_COMMENTS = YES;
				CLANG_WARN_EMPTY_BODY = YES;
				CLANG_WARN_ENUM_CONVERSION = YES;
				CLANG_WARN_INFINITE_RECURSION = YES;
				CLANG_WARN_INT_CONVERSION = YES;
				CLANG_WARN_NON_LITERAL_NULL_CONVERSION = YES;
				CLANG_WARN_OBJC_IMPLICIT_RETAIN_SELF = YES;
				CLANG_WARN_OBJC_LITERAL_CONVERSION = YES;
				CLANG_WARN_OBJC_ROOT_CLASS = YES_ERROR;
				CLANG_WARN_QUOTED_INCLUDE_IN_FRAMEWORK_HEADER = YES;
				CLANG_WARN_RANGE_LOOP_ANALYSIS = YES;
				CLANG_WARN_STRICT_PROTOTYPES = YES;
				CLANG_WARN_SUSPICIOUS_MOVE = YES;
				CLANG_WARN_UNGUARDED_AVAILABILITY = YES_AGGRESSIVE;
				CLANG_WARN_UNREACHABLE_CODE = YES;
				CLANG_WARN__DUPLICATE_METHOD_MATCH = YES;
				COPY_PHASE_STRIP = NO;
				DEBUG_INFORMATION_FORMAT = dwarf;
				ENABLE_STRICT_OBJC_MSGSEND = YES;
				ENABLE_TESTABILITY = YES;
				GCC_C_LANGUAGE_STANDARD = gnu11;
				GCC_DYNAMIC_NO_PIC = NO;
				GCC_NO_COMMON_BLOCKS = YES;
				GCC_OPTIMIZATION_LEVEL = 0;
				GCC_PREPROCESSOR_DEFINITIONS = (
					"DEBUG=1",
					"$(inherited)",
				);
				GCC_WARN_64_TO_32_BIT_CONVERSION = YES;
				GCC_WARN_ABOUT_RETURN_TYPE = YES_ERROR;
				GCC_WARN_UNDECLARED_SELECTOR = YES;
				GCC_WARN_UNINITIALIZED_AUTOS = YES_AGGRESSIVE;
				GCC_WARN_UNUSED_FUNCTION = YES;
				GCC_WARN_UNUSED_VARIABLE = YES;
				MACOSX_DEPLOYMENT_TARGET = 11.2;
				MTL_ENABLE_DEBUG_INFO = INCLUDE_SOURCE;
				MTL_FAST_MATH = YES;
				ONLY_ACTIVE_ARCH = YES;
				SDKROOT = macosx;
			};
			name = Debug;
		};
		AC7C197C2668DE1900F2EDB8 /* Release */ = {
			isa = XCBuildConfiguration;
			buildSettings = {
				ALWAYS_SEARCH_USER_PATHS = NO;
				CLANG_ANALYZER_NONNULL = YES;
				CLANG_ANALYZER_NUMBER_OBJECT_CONVERSION = YES_AGGRESSIVE;
				CLANG_CXX_LANGUAGE_STANDARD = "gnu++14";
				CLANG_CXX_LIBRARY = "libc++";
				CLANG_ENABLE_MODULES = YES;
				CLANG_ENABLE_OBJC_ARC = YES;
				CLANG_ENABLE_OBJC_WEAK = YES;
				CLANG_WARN_BLOCK_CAPTURE_AUTORELEASING = YES;
				CLANG_WARN_BOOL_CONVERSION = YES;
				CLANG_WARN_COMMA = YES;
				CLANG_WARN_CONSTANT_CONVERSION = YES;
				CLANG_WARN_DEPRECATED_OBJC_IMPLEMENTATIONS = YES;
				CLANG_WARN_DIRECT_OBJC_ISA_USAGE = YES_ERROR;
				CLANG_WARN_DOCUMENTATION_COMMENTS = YES;
				CLANG_WARN_EMPTY_BODY = YES;
				CLANG_WARN_ENUM_CONVERSION = YES;
				CLANG_WARN_INFINITE_RECURSION = YES;
				CLANG_WARN_INT_CONVERSION = YES;
				CLANG_WARN_NON_LITERAL_NULL_CONVERSION = YES;
				CLANG_WARN_OBJC_IMPLICIT_RETAIN_SELF = YES;
				CLANG_WARN_OBJC_LITERAL_CONVERSION = YES;
				CLANG_WARN_OBJC_ROOT_CLASS = YES_ERROR;
				CLANG_WARN_QUOTED_INCLUDE_IN_FRAMEWORK_HEADER = YES;
				CLANG_WARN_RANGE_LOOP_ANALYSIS = YES;
				CLANG_WARN_STRICT_PROTOTYPES = YES;
				CLANG_WARN_SUSPICIOUS_MOVE = YES;
				CLANG_WARN_UNGUARDED_AVAILABILITY = YES_AGGRESSIVE;
				CLANG_WARN_UNREACHABLE_CODE = YES;
				CLANG_WARN__DUPLICATE_METHOD_MATCH = YES;
				COPY_PHASE_STRIP = NO;
				DEBUG_INFORMATION_FORMAT = "dwarf-with-dsym";
				ENABLE_NS_ASSERTIONS = NO;
				ENABLE_STRICT_OBJC_MSGSEND = YES;
				GCC_C_LANGUAGE_STANDARD = gnu11;
				GCC_NO_COMMON_BLOCKS = YES;
				GCC_WARN_64_TO_32_BIT_CONVERSION = YES;
				GCC_WARN_ABOUT_RETURN_TYPE = YES_ERROR;
				GCC_WARN_UNDECLARED_SELECTOR = YES;
				GCC_WARN_UNINITIALIZED_AUTOS = YES_AGGRESSIVE;
				GCC_WARN_UNUSED_FUNCTION = YES;
				GCC_WARN_UNUSED_VARIABLE = YES;
				MACOSX_DEPLOYMENT_TARGET = 11.2;
				MTL_ENABLE_DEBUG_INFO = NO;
				MTL_FAST_MATH = YES;
				SDKROOT = macosx;
			};
			name = Release;
		};
		AC7C197E2668DE1900F2EDB8 /* Debug */ = {
			isa = XCBuildConfiguration;
			buildSettings = {
				CODE_SIGN_STYLE = Automatic;
				DEVELOPMENT_TEAM = H9WV72B42W;
				ENABLE_HARDENED_RUNTIME = YES;
				PRODUCT_NAME = "$(TARGET_NAME)";
			};
			name = Debug;
		};
		AC7C197F2668DE1900F2EDB8 /* Release */ = {
			isa = XCBuildConfiguration;
			buildSettings = {
				CODE_SIGN_STYLE = Automatic;
				DEVELOPMENT_TEAM = H9WV72B42W;
				ENABLE_HARDENED_RUNTIME = YES;
				PRODUCT_NAME = "$(TARGET_NAME)";
			};
			name = Release;
		};
/* End XCBuildConfiguration section */

/* Begin XCConfigurationList section */
		AC7C19712668DE1800F2EDB8 /* Build configuration list for PBXProject "pe6" */ = {
			isa = XCConfigurationList;
			buildConfigurations = (
				AC7C197B2668DE1900F2EDB8 /* Debug */,
				AC7C197C2668DE1900F2EDB8 /* Release */,
			);
			defaultConfigurationIsVisible = 0;
			defaultConfigurationName = Release;
		};
		AC7C197D2668DE1900F2EDB8 /* Build configuration list for PBXNativeTarget "pe6" */ = {
			isa = XCConfigurationList;
			buildConfigurations = (
				AC7C197E2668DE1900F2EDB8 /* Debug */,
				AC7C197F2668DE1900F2EDB8 /* Release */,
			);
			defaultConfigurationIsVisible = 0;
			defaultConfigurationName = Release;
		};
/* End XCConfigurationList section */
	};
	rootObject = AC7C196E2668DE1800F2EDB8 /* Project object */;
}
